
Microsoft Visual Studio Solution File, Format Version 12.00
# Visual Studio Version 16
VisualStudioVersion = 16.0.29123.88
MinimumVisualStudioVersion = 10.0.40219.1
Project("{FAE04EC0-301F-11D3-BF4B-00C04F79EFBC}") = "AccessRESTAPI_JIRA", "AccessRESTAPI_JIRA.csproj", "{B51146C6-6F27-43C6-963F-862E5631ED75}"
EndProject
Global
	GlobalSection(SolutionConfigurationPlatforms) = preSolution
		Debug|Any CPU = Debug|Any CPU
		Release|Any CPU = Release|Any CPU
	EndGlobalSection
	GlobalSection(ProjectConfigurationPlatforms) = postSolution
		{B51146C6-6F27-43C6-963F-862E5631ED75}.Debug|Any CPU.ActiveCfg = Debug|Any CPU
		{B51146C6-6F27-43C6-963F-862E5631ED75}.Debug|Any CPU.Build.0 = Debug|Any CPU
		{B51146C6-6F27-43C6-963F-862E5631ED75}.Release|Any CPU.ActiveCfg = Release|Any CPU
		{B51146C6-6F27-43C6-963F-862E5631ED75}.Release|Any CPU.Build.0 = Release|Any CPU
	EndGlobalSection
	GlobalSection(SolutionProperties) = preSolution
		HideSolutionNode = FALSE
	EndGlobalSection
	GlobalSection(ExtensibilityGlobals) = postSolution
		SolutionGuid = {A0936E40-8C6C-4955-8B27-3CFE837BB85A}
	EndGlobalSection
EndGlobal
